
Microsoft Visual Studio Solution File, Format Version 12.00
# Visual Studio Version 16
VisualStudioVersion = 16.0.31624.102
MinimumVisualStudioVersion = 10.0.40219.1
Project("{FAE04EC0-301F-11D3-BF4B-00C04F79EFBC}") = "RAD301-January-2022-MVC-S00197425", "RAD301-January-2022-MVC-S00197425\RAD301-January-2022-MVC-S00197425.csproj", "{CE19DF68-06D6-4EC6-8D30-411DE9F63EE5}"
EndProject
Project("{FAE04EC0-301F-11D3-BF4B-00C04F79EFBC}") = "RAD301-January-2022-DataModel-S00197425", "RAD301-January-2022-DataModel-S00197425\RAD301-January-2022-DataModel-S00197425.csproj", "{A328FBC7-2EB3-4C26-9F68-3E12DFD3B60D}"
EndProject
Project("{FAE04EC0-301F-11D3-BF4B-00C04F79EFBC}") = "RAD301-January-2022-Console-App-S00197425", "RAD301-January-2022-Console-App-S00197425\RAD301-January-2022-Console-App-S00197425.csproj", "{A8D67611-EDA7-4C1C-AD9D-877B76B00E7C}"
EndProject
Global
	GlobalSection(SolutionConfigurationPlatforms) = preSolution
		Debug|Any CPU = Debug|Any CPU
		Release|Any CPU = Release|Any CPU
	EndGlobalSection
	GlobalSection(ProjectConfigurationPlatforms) = postSolution
		{CE19DF68-06D6-4EC6-8D30-411DE9F63EE5}.Debug|Any CPU.ActiveCfg = Debug|Any CPU
		{CE19DF68-06D6-4EC6-8D30-411DE9F63EE5}.Debug|Any CPU.Build.0 = Debug|Any CPU
		{CE19DF68-06D6-4EC6-8D30-411DE9F63EE5}.Release|Any CPU.ActiveCfg = Release|Any CPU
		{CE19DF68-06D6-4EC6-8D30-411DE9F63EE5}.Release|Any CPU.Build.0 = Release|Any CPU
		{A328FBC7-2EB3-4C26-9F68-3E12DFD3B60D}.Debug|Any CPU.ActiveCfg = Debug|Any CPU
		{A328FBC7-2EB3-4C26-9F68-3E12DFD3B60D}.Debug|Any CPU.Build.0 = Debug|Any CPU
		{A328FBC7-2EB3-4C26-9F68-3E12DFD3B60D}.Release|Any CPU.ActiveCfg = Release|Any CPU
		{A328FBC7-2EB3-4C26-9F68-3E12DFD3B60D}.Release|Any CPU.Build.0 = Release|Any CPU
		{A8D67611-EDA7-4C1C-AD9D-877B76B00E7C}.Debug|Any CPU.ActiveCfg = Debug|Any CPU
		{A8D67611-EDA7-4C1C-AD9D-877B76B00E7C}.Debug|Any CPU.Build.0 = Debug|Any CPU
		{A8D67611-EDA7-4C1C-AD9D-877B76B00E7C}.Release|Any CPU.ActiveCfg = Release|Any CPU
		{A8D67611-EDA7-4C1C-AD9D-877B76B00E7C}.Release|Any CPU.Build.0 = Release|Any CPU
	EndGlobalSection
	GlobalSection(SolutionProperties) = preSolution
		HideSolutionNode = FALSE
	EndGlobalSection
	GlobalSection(ExtensibilityGlobals) = postSolution
		SolutionGuid = {FD908817-EE2A-483E-BDAA-AC7AC089CCF3}
	EndGlobalSection
EndGlobal
